
Microsoft Visual Studio Solution File, Format Version 12.00
# Visual Studio Version 16
VisualStudioVersion = 16.0.32413.511
MinimumVisualStudioVersion = 10.0.40219.1
Project("{FAE04EC0-301F-11D3-BF4B-00C04F79EFBC}") = "EmployeeProject", "EmployeeProject\EmployeeProject.csproj", "{9AB40F77-7D8A-4166-BA0A-5ED83451863C}"
EndProject
Global
	GlobalSection(SolutionConfigurationPlatforms) = preSolution
		Debug|Any CPU = Debug|Any CPU
		Release|Any CPU = Release|Any CPU
	EndGlobalSection
	GlobalSection(ProjectConfigurationPlatforms) = postSolution
		{9AB40F77-7D8A-4166-BA0A-5ED83451863C}.Debug|Any CPU.ActiveCfg = Debug|Any CPU
		{9AB40F77-7D8A-4166-BA0A-5ED83451863C}.Debug|Any CPU.Build.0 = Debug|Any CPU
		{9AB40F77-7D8A-4166-BA0A-5ED83451863C}.Release|Any CPU.ActiveCfg = Release|Any CPU
		{9AB40F77-7D8A-4166-BA0A-5ED83451863C}.Release|Any CPU.Build.0 = Release|Any CPU
	EndGlobalSection
	GlobalSection(SolutionProperties) = preSolution
		HideSolutionNode = FALSE
	EndGlobalSection
	GlobalSection(ExtensibilityGlobals) = postSolution
		SolutionGuid = {9AC1152D-291E-4141-91B7-11BE79FB0BD6}
	EndGlobalSection
EndGlobal
